{
  "version": 2,
  "dependencies": {
    "net9.0": {
      "AutomaticInterface": {
        "type": "Direct",
        "requested": "[5.0.3, )",
        "resolved": "5.0.3",
        "contentHash": "l+sryO+LJK1m29tGt2TgnOP2lh+ScixRn4VEFb/dLVCFVGJsPXtBv5yrolIXsEZqiJ9y6bDdlN6q8lvklNq3Bg=="
      },
      "ConsoleAppFramework": {
        "type": "Direct",
        "requested": "[5.3.4, )",
        "resolved": "5.3.4",
        "contentHash": "/wDCZk9w895ZtpkqDxiDemh4Hrbz9txuHrOh+o6UFITY0jdsnIBxYJCKpnH6a99FsRrE2jsABqMC5NHgk8uV/w=="
      },
      "DotNet.ReproducibleBuilds": {
        "type": "Direct",
        "requested": "[1.2.25, )",
        "resolved": "1.2.25",
        "contentHash": "xCXiw7BCxHJ8pF6wPepRUddlh2dlQlbr81gXA72hdk4FLHkKXas7EH/n+fk5UCA/YfMqG1Z6XaPiUjDbUNBUzg=="
      },
      "FxKit": {
        "type": "Direct",
        "requested": "[0.8.4, )",
        "resolved": "0.8.4",
        "contentHash": "rzPMlTzQNRNYs/5eXLHC7Qx3UI+1k9X8oaSBASUi6L/Y6lFw81PA7jrxxqSX6ebhtIs0wplq/EagrTBna3+v9g==",
        "dependencies": {
          "FxKit.CompilerServices.Annotations": "0.8.4",
          "JetBrains.Annotations": "2024.3.0"
        }
      },
      "FxKit.CompilerServices": {
        "type": "Direct",
        "requested": "[0.8.4, )",
        "resolved": "0.8.4",
        "contentHash": "LlMM1NBZ9Pwkog93IMxZjTkQngphR4IDTC86PDv9P1grg6VgnFCo/rY+yMibCd7KDZ09AYfj7onieZLym+mz5A=="
      },
      "Jab": {
        "type": "Direct",
        "requested": "[0.10.2, )",
        "resolved": "0.10.2",
        "contentHash": "/uSW/ze1HtSvzBq34+LcGCKdGujwYIt1LJaRg293iDTrt+4I6B1IxhHVpMZka4lduiWEldS9fkthr5mh+oDLzw=="
      },
      "LibGit2Sharp": {
        "type": "Direct",
        "requested": "[0.31.0, )",
        "resolved": "0.31.0",
        "contentHash": "b3+UfV7LjKMjAHWwl7VawejiOv2gJIC6dTCA/S0puLTHACAA/Oeb5JJmWUQMeyH/T/WR/LaIK8bk2RbdFnrZvg==",
        "dependencies": {
          "LibGit2Sharp.NativeBinaries": "[2.0.323]"
        }
      },
      "Microsoft.NET.ILLink.Tasks": {
        "type": "Direct",
        "requested": "[9.0.1, )",
        "resolved": "9.0.1",
        "contentHash": "BKFAkdhUUJivAoKuSWcT23WH9E+AWQMJootzt9X+lnesOD2a2yNIe1ZQFtxB8H3ayskLBD5gYyIbj5GIfw7rZg=="
      },
      "Nerdbank.GitVersioning": {
        "type": "Direct",
        "requested": "[3.7.115, )",
        "resolved": "3.7.115",
        "contentHash": "EpXamaAdRfG/BMxGgvZlTM0npRnkmXUjAj8OdNKd17t4oN+2nvjdv/KnFmzOOMDqvlwB49UCwtOHJrAQTfUBtQ=="
      },
      "Raiqub.Generators.EnumUtilities": {
        "type": "Direct",
        "requested": "[1.9.21, )",
        "resolved": "1.9.21",
        "contentHash": "zWpcPLpDwWczHfUqI4hV6YxJMKzsKH5mNbSuvv0NJ9NsM8pZ1oOEMPDvCcPbzlHDg4ZAddOFKXBcq2HouhsdNA=="
      },
      "Raiqub.T4Template": {
        "type": "Direct",
        "requested": "[1.1.4, )",
        "resolved": "1.1.4",
        "contentHash": "2Pty8HHExwhK4AWH0e6PVSAxfmqa2a/j8CN66eI09uaw6sE57BzZ0KyzIAIonyCNLczLzZHO3XIhn/9bAEB2xA=="
      },
      "Spectre.Console": {
        "type": "Direct",
        "requested": "[0.49.1, )",
        "resolved": "0.49.1",
        "contentHash": "USV+pdu49OJ3nCjxNuw1K9Zw/c1HCBbwbjXZp0EOn6wM99tFdAtN34KEBZUMyRuJuXlUMDqhd8Yq9obW2MslYA=="
      },
      "TestableIO.System.IO.Abstractions.Wrappers": {
        "type": "Direct",
        "requested": "[21.2.1, )",
        "resolved": "21.2.1",
        "contentHash": "a0jzTAZRIic40USnf8b59EbJ6+hh/kndLV3mTxgSGBkjei/H9qjULOtk/ZHQtRD8lLaUav7ZsMZn6JiwCgDmEw==",
        "dependencies": {
          "TestableIO.System.IO.Abstractions": "21.2.1"
        }
      },
      "FxKit.CompilerServices.Annotations": {
        "type": "Transitive",
        "resolved": "0.8.4",
        "contentHash": "L6IcCB4wRURS0TfUjXElNfLSQBK6sg7OLJJTStPvivJdwAMP/GNhIYbdxMel4s9Klnx9pCVh3C73XC5hwW966A=="
      },
      "JetBrains.Annotations": {
        "type": "Transitive",
        "resolved": "2024.3.0",
        "contentHash": "ox5pkeLQXjvJdyAB4b2sBYAlqZGLh3PjSnP1bQNVx72ONuTJ9+34/+Rq91Fc0dG29XG9RgZur9+NcP4riihTug=="
      },
      "LibGit2Sharp.NativeBinaries": {
        "type": "Transitive",
        "resolved": "2.0.323",
        "contentHash": "Kg+fJGWhGj5qRXG0Ilj4ddhuodGXZg57yhfX6OVUDR0M2DKg/UR42/d74+qv5l1qotc1qJilo/ho7xQnULP6yA=="
      },
      "TestableIO.System.IO.Abstractions": {
        "type": "Transitive",
        "resolved": "21.2.1",
        "contentHash": "47NQXrfVUF+0b8W5EMnERR7FpgWE04wuYR1s9WvlNyh1hnRMGDPOvmewBLIZUG88Rhj9buzG3VVR8sAgH7TzjA=="
      }
    },
    "net9.0/linux-arm64": {
      "LibGit2Sharp.NativeBinaries": {
        "type": "Transitive",
        "resolved": "2.0.323",
        "contentHash": "Kg+fJGWhGj5qRXG0Ilj4ddhuodGXZg57yhfX6OVUDR0M2DKg/UR42/d74+qv5l1qotc1qJilo/ho7xQnULP6yA=="
      }
    },
    "net9.0/linux-x64": {
      "LibGit2Sharp.NativeBinaries": {
        "type": "Transitive",
        "resolved": "2.0.323",
        "contentHash": "Kg+fJGWhGj5qRXG0Ilj4ddhuodGXZg57yhfX6OVUDR0M2DKg/UR42/d74+qv5l1qotc1qJilo/ho7xQnULP6yA=="
      }
    },
    "net9.0/osx-arm64": {
      "LibGit2Sharp.NativeBinaries": {
        "type": "Transitive",
        "resolved": "2.0.323",
        "contentHash": "Kg+fJGWhGj5qRXG0Ilj4ddhuodGXZg57yhfX6OVUDR0M2DKg/UR42/d74+qv5l1qotc1qJilo/ho7xQnULP6yA=="
      }
    },
    "net9.0/osx-x64": {
      "LibGit2Sharp.NativeBinaries": {
        "type": "Transitive",
        "resolved": "2.0.323",
        "contentHash": "Kg+fJGWhGj5qRXG0Ilj4ddhuodGXZg57yhfX6OVUDR0M2DKg/UR42/d74+qv5l1qotc1qJilo/ho7xQnULP6yA=="
      }
    },
    "net9.0/win-x64": {
      "LibGit2Sharp.NativeBinaries": {
        "type": "Transitive",
        "resolved": "2.0.323",
        "contentHash": "Kg+fJGWhGj5qRXG0Ilj4ddhuodGXZg57yhfX6OVUDR0M2DKg/UR42/d74+qv5l1qotc1qJilo/ho7xQnULP6yA=="
      }
    }
  }
}